
Microsoft Visual Studio Solution File, Format Version 12.00
# Visual Studio Version 17
VisualStudioVersion = 17.0.31903.59
MinimumVisualStudioVersion = 10.0.40219.1
Project("{FAE04EC0-301F-11D3-BF4B-00C04F79EFBC}") = "API", "API\API.csproj", "{C34600EA-79C6-45F4-9646-FCC0FE12F236}"
EndProject
Project("{FAE04EC0-301F-11D3-BF4B-00C04F79EFBC}") = "Application", "Application\Application.csproj", "{54812D16-0D84-4711-BC67-F2CC3233770B}"
EndProject
Project("{FAE04EC0-301F-11D3-BF4B-00C04F79EFBC}") = "Domain", "Domain\Domain.csproj", "{B3209A3F-B37A-474E-830C-695EA37BA4F6}"
EndProject
Project("{FAE04EC0-301F-11D3-BF4B-00C04F79EFBC}") = "Persistence", "Persistence\Persistence.csproj", "{1DCC2F03-50A9-4D27-9E6E-3CC42475E124}"
EndProject
Project("{FAE04EC0-301F-11D3-BF4B-00C04F79EFBC}") = "Infrastructure", "Infrastructure\Infrastructure.csproj", "{94AD893D-F237-465D-9E3B-885A465025EC}"
EndProject
Global
	GlobalSection(SolutionConfigurationPlatforms) = preSolution
		Debug|Any CPU = Debug|Any CPU
		Release|Any CPU = Release|Any CPU
	EndGlobalSection
	GlobalSection(SolutionProperties) = preSolution
		HideSolutionNode = FALSE
	EndGlobalSection
	GlobalSection(ProjectConfigurationPlatforms) = postSolution
		{C34600EA-79C6-45F4-9646-FCC0FE12F236}.Debug|Any CPU.ActiveCfg = Debug|Any CPU
		{C34600EA-79C6-45F4-9646-FCC0FE12F236}.Debug|Any CPU.Build.0 = Debug|Any CPU
		{C34600EA-79C6-45F4-9646-FCC0FE12F236}.Release|Any CPU.ActiveCfg = Release|Any CPU
		{C34600EA-79C6-45F4-9646-FCC0FE12F236}.Release|Any CPU.Build.0 = Release|Any CPU
		{54812D16-0D84-4711-BC67-F2CC3233770B}.Debug|Any CPU.ActiveCfg = Debug|Any CPU
		{54812D16-0D84-4711-BC67-F2CC3233770B}.Debug|Any CPU.Build.0 = Debug|Any CPU
		{54812D16-0D84-4711-BC67-F2CC3233770B}.Release|Any CPU.ActiveCfg = Release|Any CPU
		{54812D16-0D84-4711-BC67-F2CC3233770B}.Release|Any CPU.Build.0 = Release|Any CPU
		{B3209A3F-B37A-474E-830C-695EA37BA4F6}.Debug|Any CPU.ActiveCfg = Debug|Any CPU
		{B3209A3F-B37A-474E-830C-695EA37BA4F6}.Debug|Any CPU.Build.0 = Debug|Any CPU
		{B3209A3F-B37A-474E-830C-695EA37BA4F6}.Release|Any CPU.ActiveCfg = Release|Any CPU
		{B3209A3F-B37A-474E-830C-695EA37BA4F6}.Release|Any CPU.Build.0 = Release|Any CPU
		{1DCC2F03-50A9-4D27-9E6E-3CC42475E124}.Debug|Any CPU.ActiveCfg = Debug|Any CPU
		{1DCC2F03-50A9-4D27-9E6E-3CC42475E124}.Debug|Any CPU.Build.0 = Debug|Any CPU
		{1DCC2F03-50A9-4D27-9E6E-3CC42475E124}.Release|Any CPU.ActiveCfg = Release|Any CPU
		{1DCC2F03-50A9-4D27-9E6E-3CC42475E124}.Release|Any CPU.Build.0 = Release|Any CPU
		{94AD893D-F237-465D-9E3B-885A465025EC}.Debug|Any CPU.ActiveCfg = Debug|Any CPU
		{94AD893D-F237-465D-9E3B-885A465025EC}.Debug|Any CPU.Build.0 = Debug|Any CPU
		{94AD893D-F237-465D-9E3B-885A465025EC}.Release|Any CPU.ActiveCfg = Release|Any CPU
		{94AD893D-F237-465D-9E3B-885A465025EC}.Release|Any CPU.Build.0 = Release|Any CPU
	EndGlobalSection
EndGlobal
